// !$*UTF8*$!
{
	archiveVersion = 1;
	classes = {
	};
	objectVersion = 56;
	objects = {

/* Begin PBXBuildFile section */
		9F76DDAF2C1251FC00BFDB5F /* AppDelegate.swift in Sources */ = {isa = PBXBuildFile; fileRef = 9F76DDAE2C1251FC00BFDB5F /* AppDelegate.swift */; };
		9F76DDB12C1251FC00BFDB5F /* SceneDelegate.swift in Sources */ = {isa = PBXBuildFile; fileRef = 9F76DDB02C1251FC00BFDB5F /* SceneDelegate.swift */; };
		9F76DDB32C1251FC00BFDB5F /* RMTabViewController.swift in Sources */ = {isa = PBXBuildFile; fileRef = 9F76DDB22C1251FC00BFDB5F /* RMTabViewController.swift */; };
		9F76DDB82C1251FE00BFDB5F /* Assets.xcassets in Resources */ = {isa = PBXBuildFile; fileRef = 9F76DDB72C1251FE00BFDB5F /* Assets.xcassets */; };
		9F76DDBB2C1251FE00BFDB5F /* Base in Resources */ = {isa = PBXBuildFile; fileRef = 9F76DDBA2C1251FE00BFDB5F /* Base */; };
		9F76DDCA2C184C5000BFDB5F /* RMLocation.swift in Sources */ = {isa = PBXBuildFile; fileRef = 9F76DDC92C184C5000BFDB5F /* RMLocation.swift */; };
		9F76DDCC2C184C9000BFDB5F /* RMCharacter.swift in Sources */ = {isa = PBXBuildFile; fileRef = 9F76DDCB2C184C9000BFDB5F /* RMCharacter.swift */; };
		9F76DDCE2C184CA100BFDB5F /* RMEpisode.swift in Sources */ = {isa = PBXBuildFile; fileRef = 9F76DDCD2C184CA100BFDB5F /* RMEpisode.swift */; };
		9F76DDD02C18502B00BFDB5F /* RMLocationViewController.swift in Sources */ = {isa = PBXBuildFile; fileRef = 9F76DDCF2C18502B00BFDB5F /* RMLocationViewController.swift */; };
		9F76DDD22C18503A00BFDB5F /* RMCharacterViewController.swift in Sources */ = {isa = PBXBuildFile; fileRef = 9F76DDD12C18503A00BFDB5F /* RMCharacterViewController.swift */; };
		9F76DDD42C18504700BFDB5F /* RMEpisodeViewController.swift in Sources */ = {isa = PBXBuildFile; fileRef = 9F76DDD32C18504700BFDB5F /* RMEpisodeViewController.swift */; };
		9F76DDD62C18505300BFDB5F /* RMSettingsViewController.swift in Sources */ = {isa = PBXBuildFile; fileRef = 9F76DDD52C18505300BFDB5F /* RMSettingsViewController.swift */; };
		9F76DDD92C189EE900BFDB5F /* RMService.swift in Sources */ = {isa = PBXBuildFile; fileRef = 9F76DDD82C189EE900BFDB5F /* RMService.swift */; };
		9F76DDDB2C189EFA00BFDB5F /* RMRequest.swift in Sources */ = {isa = PBXBuildFile; fileRef = 9F76DDDA2C189EFA00BFDB5F /* RMRequest.swift */; };
		9F76DDDD2C189F0600BFDB5F /* RMEndpoint.swift in Sources */ = {isa = PBXBuildFile; fileRef = 9F76DDDC2C189F0600BFDB5F /* RMEndpoint.swift */; };
		9F76DDDF2C18AB0D00BFDB5F /* RMOrigin.swift in Sources */ = {isa = PBXBuildFile; fileRef = 9F76DDDE2C18AB0D00BFDB5F /* RMOrigin.swift */; };
		9F76DDE12C18AB9E00BFDB5F /* RMSingleLocation.swift in Sources */ = {isa = PBXBuildFile; fileRef = 9F76DDE02C18AB9E00BFDB5F /* RMSingleLocation.swift */; };
		9F76DDE32C18AD6000BFDB5F /* RMCharacterStatus.swift in Sources */ = {isa = PBXBuildFile; fileRef = 9F76DDE22C18AD6000BFDB5F /* RMCharacterStatus.swift */; };
		9F76DDE52C18ADAD00BFDB5F /* RMCharacterGender.swift in Sources */ = {isa = PBXBuildFile; fileRef = 9F76DDE42C18ADAD00BFDB5F /* RMCharacterGender.swift */; };
/* End PBXBuildFile section */

/* Begin PBXFileReference section */
		9F76DDAB2C1251FC00BFDB5F /* RickAndMorty.app */ = {isa = PBXFileReference; explicitFileType = wrapper.application; includeInIndex = 0; path = RickAndMorty.app; sourceTree = BUILT_PRODUCTS_DIR; };
		9F76DDAE2C1251FC00BFDB5F /* AppDelegate.swift */ = {isa = PBXFileReference; lastKnownFileType = sourcecode.swift; path = AppDelegate.swift; sourceTree = "<group>"; };
		9F76DDB02C1251FC00BFDB5F /* SceneDelegate.swift */ = {isa = PBXFileReference; lastKnownFileType = sourcecode.swift; path = SceneDelegate.swift; sourceTree = "<group>"; };
		9F76DDB22C1251FC00BFDB5F /* RMTabViewController.swift */ = {isa = PBXFileReference; lastKnownFileType = sourcecode.swift; path = RMTabViewController.swift; sourceTree = "<group>"; };
		9F76DDB72C1251FE00BFDB5F /* Assets.xcassets */ = {isa = PBXFileReference; lastKnownFileType = folder.assetcatalog; path = Assets.xcassets; sourceTree = "<group>"; };
		9F76DDBA2C1251FE00BFDB5F /* Base */ = {isa = PBXFileReference; lastKnownFileType = file.storyboard; name = Base; path = Base.lproj/LaunchScreen.storyboard; sourceTree = "<group>"; };
		9F76DDBC2C1251FE00BFDB5F /* Info.plist */ = {isa = PBXFileReference; lastKnownFileType = text.plist.xml; path = Info.plist; sourceTree = "<group>"; };
		9F76DDC92C184C5000BFDB5F /* RMLocation.swift */ = {isa = PBXFileReference; lastKnownFileType = sourcecode.swift; path = RMLocation.swift; sourceTree = "<group>"; };
		9F76DDCB2C184C9000BFDB5F /* RMCharacter.swift */ = {isa = PBXFileReference; lastKnownFileType = sourcecode.swift; path = RMCharacter.swift; sourceTree = "<group>"; };
		9F76DDCD2C184CA100BFDB5F /* RMEpisode.swift */ = {isa = PBXFileReference; lastKnownFileType = sourcecode.swift; path = RMEpisode.swift; sourceTree = "<group>"; };
		9F76DDCF2C18502B00BFDB5F /* RMLocationViewController.swift */ = {isa = PBXFileReference; lastKnownFileType = sourcecode.swift; path = RMLocationViewController.swift; sourceTree = "<group>"; };
		9F76DDD12C18503A00BFDB5F /* RMCharacterViewController.swift */ = {isa = PBXFileReference; lastKnownFileType = sourcecode.swift; path = RMCharacterViewController.swift; sourceTree = "<group>"; };
		9F76DDD32C18504700BFDB5F /* RMEpisodeViewController.swift */ = {isa = PBXFileReference; lastKnownFileType = sourcecode.swift; path = RMEpisodeViewController.swift; sourceTree = "<group>"; };
		9F76DDD52C18505300BFDB5F /* RMSettingsViewController.swift */ = {isa = PBXFileReference; lastKnownFileType = sourcecode.swift; path = RMSettingsViewController.swift; sourceTree = "<group>"; };
		9F76DDD82C189EE900BFDB5F /* RMService.swift */ = {isa = PBXFileReference; lastKnownFileType = sourcecode.swift; path = RMService.swift; sourceTree = "<group>"; };
		9F76DDDA2C189EFA00BFDB5F /* RMRequest.swift */ = {isa = PBXFileReference; lastKnownFileType = sourcecode.swift; path = RMRequest.swift; sourceTree = "<group>"; };
		9F76DDDC2C189F0600BFDB5F /* RMEndpoint.swift */ = {isa = PBXFileReference; lastKnownFileType = sourcecode.swift; path = RMEndpoint.swift; sourceTree = "<group>"; };
		9F76DDDE2C18AB0D00BFDB5F /* RMOrigin.swift */ = {isa = PBXFileReference; lastKnownFileType = sourcecode.swift; path = RMOrigin.swift; sourceTree = "<group>"; };
		9F76DDE02C18AB9E00BFDB5F /* RMSingleLocation.swift */ = {isa = PBXFileReference; lastKnownFileType = sourcecode.swift; path = RMSingleLocation.swift; sourceTree = "<group>"; };
		9F76DDE22C18AD6000BFDB5F /* RMCharacterStatus.swift */ = {isa = PBXFileReference; lastKnownFileType = sourcecode.swift; path = RMCharacterStatus.swift; sourceTree = "<group>"; };
		9F76DDE42C18ADAD00BFDB5F /* RMCharacterGender.swift */ = {isa = PBXFileReference; lastKnownFileType = sourcecode.swift; path = RMCharacterGender.swift; sourceTree = "<group>"; };
/* End PBXFileReference section */

/* Begin PBXFrameworksBuildPhase section */
		9F76DDA82C1251FC00BFDB5F /* Frameworks */ = {
			isa = PBXFrameworksBuildPhase;
			buildActionMask = 2147483647;
			files = (
			);
			runOnlyForDeploymentPostprocessing = 0;
		};
/* End PBXFrameworksBuildPhase section */

/* Begin PBXGroup section */
		9F76DDA22C1251FC00BFDB5F = {
			isa = PBXGroup;
			children = (
				9F76DDAD2C1251FC00BFDB5F /* RickAndMorty */,
				9F76DDAC2C1251FC00BFDB5F /* Products */,
			);
			sourceTree = "<group>";
		};
		9F76DDAC2C1251FC00BFDB5F /* Products */ = {
			isa = PBXGroup;
			children = (
				9F76DDAB2C1251FC00BFDB5F /* RickAndMorty.app */,
			);
			name = Products;
			sourceTree = "<group>";
		};
		9F76DDAD2C1251FC00BFDB5F /* RickAndMorty */ = {
			isa = PBXGroup;
			children = (
				9F76DDC82C184B7500BFDB5F /* Resources */,
				9F76DDC72C184B6F00BFDB5F /* Managers */,
				9F76DDC62C184B6400BFDB5F /* APIClient */,
				9F76DDC52C184B5700BFDB5F /* ViewModels */,
				9F76DDC42C184B4F00BFDB5F /* Views */,
				9F76DDC32C184B4500BFDB5F /* Models */,
				9F76DDC22C184B3500BFDB5F /* Controllers */,
				9F76DDBC2C1251FE00BFDB5F /* Info.plist */,
			);
			path = RickAndMorty;
			sourceTree = "<group>";
		};
		9F76DDC22C184B3500BFDB5F /* Controllers */ = {
			isa = PBXGroup;
			children = (
				9F76DDD72C18516600BFDB5F /* Core */,
			);
			path = Controllers;
			sourceTree = "<group>";
		};
		9F76DDC32C184B4500BFDB5F /* Models */ = {
			isa = PBXGroup;
			children = (
				9F76DDC92C184C5000BFDB5F /* RMLocation.swift */,
				9F76DDCB2C184C9000BFDB5F /* RMCharacter.swift */,
				9F76DDCD2C184CA100BFDB5F /* RMEpisode.swift */,
				9F76DDDE2C18AB0D00BFDB5F /* RMOrigin.swift */,
				9F76DDE02C18AB9E00BFDB5F /* RMSingleLocation.swift */,
				9F76DDE22C18AD6000BFDB5F /* RMCharacterStatus.swift */,
				9F76DDE42C18ADAD00BFDB5F /* RMCharacterGender.swift */,
			);
			path = Models;
			sourceTree = "<group>";
		};
		9F76DDC42C184B4F00BFDB5F /* Views */ = {
			isa = PBXGroup;
			children = (
			);
			path = Views;
			sourceTree = "<group>";
		};
		9F76DDC52C184B5700BFDB5F /* ViewModels */ = {
			isa = PBXGroup;
			children = (
			);
			path = ViewModels;
			sourceTree = "<group>";
		};
		9F76DDC62C184B6400BFDB5F /* APIClient */ = {
			isa = PBXGroup;
			children = (
				9F76DDD82C189EE900BFDB5F /* RMService.swift */,
				9F76DDDA2C189EFA00BFDB5F /* RMRequest.swift */,
				9F76DDDC2C189F0600BFDB5F /* RMEndpoint.swift */,
			);
			path = APIClient;
			sourceTree = "<group>";
		};
		9F76DDC72C184B6F00BFDB5F /* Managers */ = {
			isa = PBXGroup;
			children = (
			);
			path = Managers;
			sourceTree = "<group>";
		};
		9F76DDC82C184B7500BFDB5F /* Resources */ = {
			isa = PBXGroup;
			children = (
				9F76DDB02C1251FC00BFDB5F /* SceneDelegate.swift */,
				9F76DDAE2C1251FC00BFDB5F /* AppDelegate.swift */,
				9F76DDB72C1251FE00BFDB5F /* Assets.xcassets */,
				9F76DDB92C1251FE00BFDB5F /* LaunchScreen.storyboard */,
			);
			path = Resources;
			sourceTree = "<group>";
		};
		9F76DDD72C18516600BFDB5F /* Core */ = {
			isa = PBXGroup;
			children = (
				9F76DDB22C1251FC00BFDB5F /* RMTabViewController.swift */,
				9F76DDCF2C18502B00BFDB5F /* RMLocationViewController.swift */,
				9F76DDD12C18503A00BFDB5F /* RMCharacterViewController.swift */,
				9F76DDD32C18504700BFDB5F /* RMEpisodeViewController.swift */,
				9F76DDD52C18505300BFDB5F /* RMSettingsViewController.swift */,
			);
			path = Core;
			sourceTree = "<group>";
		};
/* End PBXGroup section */

/* Begin PBXNativeTarget section */
		9F76DDAA2C1251FC00BFDB5F /* RickAndMorty */ = {
			isa = PBXNativeTarget;
			buildConfigurationList = 9F76DDBF2C1251FE00BFDB5F /* Build configuration list for PBXNativeTarget "RickAndMorty" */;
			buildPhases = (
				9F76DDA72C1251FC00BFDB5F /* Sources */,
				9F76DDA82C1251FC00BFDB5F /* Frameworks */,
				9F76DDA92C1251FC00BFDB5F /* Resources */,
			);
			buildRules = (
			);
			dependencies = (
			);
			name = RickAndMorty;
			productName = RickAndMorty;
			productReference = 9F76DDAB2C1251FC00BFDB5F /* RickAndMorty.app */;
			productType = "com.apple.product-type.application";
		};
/* End PBXNativeTarget section */

/* Begin PBXProject section */
		9F76DDA32C1251FC00BFDB5F /* Project object */ = {
			isa = PBXProject;
			attributes = {
				BuildIndependentTargetsInParallel = 1;
				LastSwiftUpdateCheck = 1540;
				LastUpgradeCheck = 1540;
				TargetAttributes = {
					9F76DDAA2C1251FC00BFDB5F = {
						CreatedOnToolsVersion = 15.4;
					};
				};
			};
			buildConfigurationList = 9F76DDA62C1251FC00BFDB5F /* Build configuration list for PBXProject "RickAndMorty" */;
			compatibilityVersion = "Xcode 14.0";
			developmentRegion = en;
			hasScannedForEncodings = 0;
			knownRegions = (
				en,
				Base,
			);
			mainGroup = 9F76DDA22C1251FC00BFDB5F;
			productRefGroup = 9F76DDAC2C1251FC00BFDB5F /* Products */;
			projectDirPath = "";
			projectRoot = "";
			targets = (
				9F76DDAA2C1251FC00BFDB5F /* RickAndMorty */,
			);
		};
/* End PBXProject section */

/* Begin PBXResourcesBuildPhase section */
		9F76DDA92C1251FC00BFDB5F /* Resources */ = {
			isa = PBXResourcesBuildPhase;
			buildActionMask = 2147483647;
			files = (
				9F76DDB82C1251FE00BFDB5F /* Assets.xcassets in Resources */,
				9F76DDBB2C1251FE00BFDB5F /* Base in Resources */,
			);
			runOnlyForDeploymentPostprocessing = 0;
		};
/* End PBXResourcesBuildPhase section */

/* Begin PBXSourcesBuildPhase section */
		9F76DDA72C1251FC00BFDB5F /* Sources */ = {
			isa = PBXSourcesBuildPhase;
			buildActionMask = 2147483647;
			files = (
				9F76DDDF2C18AB0D00BFDB5F /* RMOrigin.swift in Sources */,
				9F76DDE12C18AB9E00BFDB5F /* RMSingleLocation.swift in Sources */,
				9F76DDE32C18AD6000BFDB5F /* RMCharacterStatus.swift in Sources */,
				9F76DDE52C18ADAD00BFDB5F /* RMCharacterGender.swift in Sources */,
				9F76DDCE2C184CA100BFDB5F /* RMEpisode.swift in Sources */,
				9F76DDB32C1251FC00BFDB5F /* RMTabViewController.swift in Sources */,
				9F76DDD02C18502B00BFDB5F /* RMLocationViewController.swift in Sources */,
				9F76DDD42C18504700BFDB5F /* RMEpisodeViewController.swift in Sources */,
				9F76DDAF2C1251FC00BFDB5F /* AppDelegate.swift in Sources */,
				9F76DDCA2C184C5000BFDB5F /* RMLocation.swift in Sources */,
				9F76DDD62C18505300BFDB5F /* RMSettingsViewController.swift in Sources */,
				9F76DDD92C189EE900BFDB5F /* RMService.swift in Sources */,
				9F76DDD22C18503A00BFDB5F /* RMCharacterViewController.swift in Sources */,
				9F76DDDD2C189F0600BFDB5F /* RMEndpoint.swift in Sources */,
				9F76DDB12C1251FC00BFDB5F /* SceneDelegate.swift in Sources */,
				9F76DDDB2C189EFA00BFDB5F /* RMRequest.swift in Sources */,
				9F76DDCC2C184C9000BFDB5F /* RMCharacter.swift in Sources */,
			);
			runOnlyForDeploymentPostprocessing = 0;
		};
/* End PBXSourcesBuildPhase section */

/* Begin PBXVariantGroup section */
		9F76DDB92C1251FE00BFDB5F /* LaunchScreen.storyboard */ = {
			isa = PBXVariantGroup;
			children = (
				9F76DDBA2C1251FE00BFDB5F /* Base */,
			);
			name = LaunchScreen.storyboard;
			sourceTree = "<group>";
		};
/* End PBXVariantGroup section */

/* Begin XCBuildConfiguration section */
		9F76DDBD2C1251FE00BFDB5F /* Debug */ = {
			isa = XCBuildConfiguration;
			buildSettings = {
				ALWAYS_SEARCH_USER_PATHS = NO;
				ASSETCATALOG_COMPILER_GENERATE_SWIFT_ASSET_SYMBOL_EXTENSIONS = YES;
				CLANG_ANALYZER_NONNULL = YES;
				CLANG_ANALYZER_NUMBER_OBJECT_CONVERSION = YES_AGGRESSIVE;
				CLANG_CXX_LANGUAGE_STANDARD = "gnu++20";
				CLANG_ENABLE_MODULES = YES;
				CLANG_ENABLE_OBJC_ARC = YES;
				CLANG_ENABLE_OBJC_WEAK = YES;
				CLANG_WARN_BLOCK_CAPTURE_AUTORELEASING = YES;
				CLANG_WARN_BOOL_CONVERSION = YES;
				CLANG_WARN_COMMA = YES;
				CLANG_WARN_CONSTANT_CONVERSION = YES;
				CLANG_WARN_DEPRECATED_OBJC_IMPLEMENTATIONS = YES;
				CLANG_WARN_DIRECT_OBJC_ISA_USAGE = YES_ERROR;
				CLANG_WARN_DOCUMENTATION_COMMENTS = YES;
				CLANG_WARN_EMPTY_BODY = YES;
				CLANG_WARN_ENUM_CONVERSION = YES;
				CLANG_WARN_INFINITE_RECURSION = YES;
				CLANG_WARN_INT_CONVERSION = YES;
				CLANG_WARN_NON_LITERAL_NULL_CONVERSION = YES;
				CLANG_WARN_OBJC_IMPLICIT_RETAIN_SELF = YES;
				CLANG_WARN_OBJC_LITERAL_CONVERSION = YES;
				CLANG_WARN_OBJC_ROOT_CLASS = YES_ERROR;
				CLANG_WARN_QUOTED_INCLUDE_IN_FRAMEWORK_HEADER = YES;
				CLANG_WARN_RANGE_LOOP_ANALYSIS = YES;
				CLANG_WARN_STRICT_PROTOTYPES = YES;
				CLANG_WARN_SUSPICIOUS_MOVE = YES;
				CLANG_WARN_UNGUARDED_AVAILABILITY = YES_AGGRESSIVE;
				CLANG_WARN_UNREACHABLE_CODE = YES;
				CLANG_WARN__DUPLICATE_METHOD_MATCH = YES;
				COPY_PHASE_STRIP = NO;
				DEBUG_INFORMATION_FORMAT = dwarf;
				ENABLE_STRICT_OBJC_MSGSEND = YES;
				ENABLE_TESTABILITY = YES;
				ENABLE_USER_SCRIPT_SANDBOXING = YES;
				GCC_C_LANGUAGE_STANDARD = gnu17;
				GCC_DYNAMIC_NO_PIC = NO;
				GCC_NO_COMMON_BLOCKS = YES;
				GCC_OPTIMIZATION_LEVEL = 0;
				GCC_PREPROCESSOR_DEFINITIONS = (
					"DEBUG=1",
					"$(inherited)",
				);
				GCC_WARN_64_TO_32_BIT_CONVERSION = YES;
				GCC_WARN_ABOUT_RETURN_TYPE = YES_ERROR;
				GCC_WARN_UNDECLARED_SELECTOR = YES;
				GCC_WARN_UNINITIALIZED_AUTOS = YES_AGGRESSIVE;
				GCC_WARN_UNUSED_FUNCTION = YES;
				GCC_WARN_UNUSED_VARIABLE = YES;
				IPHONEOS_DEPLOYMENT_TARGET = 17.5;
				LOCALIZATION_PREFERS_STRING_CATALOGS = YES;
				MTL_ENABLE_DEBUG_INFO = INCLUDE_SOURCE;
				MTL_FAST_MATH = YES;
				ONLY_ACTIVE_ARCH = YES;
				SDKROOT = iphoneos;
				SWIFT_ACTIVE_COMPILATION_CONDITIONS = "DEBUG $(inherited)";
				SWIFT_OPTIMIZATION_LEVEL = "-Onone";
			};
			name = Debug;
		};
		9F76DDBE2C1251FE00BFDB5F /* Release */ = {
			isa = XCBuildConfiguration;
			buildSettings = {
				ALWAYS_SEARCH_USER_PATHS = NO;
				ASSETCATALOG_COMPILER_GENERATE_SWIFT_ASSET_SYMBOL_EXTENSIONS = YES;
				CLANG_ANALYZER_NONNULL = YES;
				CLANG_ANALYZER_NUMBER_OBJECT_CONVERSION = YES_AGGRESSIVE;
				CLANG_CXX_LANGUAGE_STANDARD = "gnu++20";
				CLANG_ENABLE_MODULES = YES;
				CLANG_ENABLE_OBJC_ARC = YES;
				CLANG_ENABLE_OBJC_WEAK = YES;
				CLANG_WARN_BLOCK_CAPTURE_AUTORELEASING = YES;
				CLANG_WARN_BOOL_CONVERSION = YES;
				CLANG_WARN_COMMA = YES;
				CLANG_WARN_CONSTANT_CONVERSION = YES;
				CLANG_WARN_DEPRECATED_OBJC_IMPLEMENTATIONS = YES;
				CLANG_WARN_DIRECT_OBJC_ISA_USAGE = YES_ERROR;
				CLANG_WARN_DOCUMENTATION_COMMENTS = YES;
				CLANG_WARN_EMPTY_BODY = YES;
				CLANG_WARN_ENUM_CONVERSION = YES;
				CLANG_WARN_INFINITE_RECURSION = YES;
				CLANG_WARN_INT_CONVERSION = YES;
				CLANG_WARN_NON_LITERAL_NULL_CONVERSION = YES;
				CLANG_WARN_OBJC_IMPLICIT_RETAIN_SELF = YES;
				CLANG_WARN_OBJC_LITERAL_CONVERSION = YES;
				CLANG_WARN_OBJC_ROOT_CLASS = YES_ERROR;
				CLANG_WARN_QUOTED_INCLUDE_IN_FRAMEWORK_HEADER = YES;
				CLANG_WARN_RANGE_LOOP_ANALYSIS = YES;
				CLANG_WARN_STRICT_PROTOTYPES = YES;
				CLANG_WARN_SUSPICIOUS_MOVE = YES;
				CLANG_WARN_UNGUARDED_AVAILABILITY = YES_AGGRESSIVE;
				CLANG_WARN_UNREACHABLE_CODE = YES;
				CLANG_WARN__DUPLICATE_METHOD_MATCH = YES;
				COPY_PHASE_STRIP = NO;
				DEBUG_INFORMATION_FORMAT = "dwarf-with-dsym";
				ENABLE_NS_ASSERTIONS = NO;
				ENABLE_STRICT_OBJC_MSGSEND = YES;
				ENABLE_USER_SCRIPT_SANDBOXING = YES;
				GCC_C_LANGUAGE_STANDARD = gnu17;
				GCC_NO_COMMON_BLOCKS = YES;
				GCC_WARN_64_TO_32_BIT_CONVERSION = YES;
				GCC_WARN_ABOUT_RETURN_TYPE = YES_ERROR;
				GCC_WARN_UNDECLARED_SELECTOR = YES;
				GCC_WARN_UNINITIALIZED_AUTOS = YES_AGGRESSIVE;
				GCC_WARN_UNUSED_FUNCTION = YES;
				GCC_WARN_UNUSED_VARIABLE = YES;
				IPHONEOS_DEPLOYMENT_TARGET = 17.5;
				LOCALIZATION_PREFERS_STRING_CATALOGS = YES;
				MTL_ENABLE_DEBUG_INFO = NO;
				MTL_FAST_MATH = YES;
				SDKROOT = iphoneos;
				SWIFT_COMPILATION_MODE = wholemodule;
				VALIDATE_PRODUCT = YES;
			};
			name = Release;
		};
		9F76DDC02C1251FE00BFDB5F /* Debug */ = {
			isa = XCBuildConfiguration;
			buildSettings = {
				ASSETCATALOG_COMPILER_APPICON_NAME = AppIcon;
				ASSETCATALOG_COMPILER_GLOBAL_ACCENT_COLOR_NAME = AccentColor;
				CODE_SIGN_STYLE = Automatic;
				CURRENT_PROJECT_VERSION = 1;
				DEVELOPMENT_TEAM = QR4UCWKKS3;
				GENERATE_INFOPLIST_FILE = YES;
				INFOPLIST_FILE = RickAndMorty/Info.plist;
				INFOPLIST_KEY_UIApplicationSupportsIndirectInputEvents = YES;
				INFOPLIST_KEY_UILaunchStoryboardName = LaunchScreen;
				INFOPLIST_KEY_UISupportedInterfaceOrientations_iPad = "UIInterfaceOrientationPortrait UIInterfaceOrientationPortraitUpsideDown UIInterfaceOrientationLandscapeLeft UIInterfaceOrientationLandscapeRight";
				INFOPLIST_KEY_UISupportedInterfaceOrientations_iPhone = "UIInterfaceOrientationPortrait UIInterfaceOrientationLandscapeLeft UIInterfaceOrientationLandscapeRight";
				LD_RUNPATH_SEARCH_PATHS = (
					"$(inherited)",
					"@executable_path/Frameworks",
				);
				MARKETING_VERSION = 1.0;
				PRODUCT_BUNDLE_IDENTIFIER = com.bilgehanakyol.RickAndMorty;
				PRODUCT_NAME = "$(TARGET_NAME)";
				SWIFT_EMIT_LOC_STRINGS = YES;
				SWIFT_VERSION = 5.0;
				TARGETED_DEVICE_FAMILY = "1,2";
			};
			name = Debug;
		};
		9F76DDC12C1251FE00BFDB5F /* Release */ = {
			isa = XCBuildConfiguration;
			buildSettings = {
				ASSETCATALOG_COMPILER_APPICON_NAME = AppIcon;
				ASSETCATALOG_COMPILER_GLOBAL_ACCENT_COLOR_NAME = AccentColor;
				CODE_SIGN_STYLE = Automatic;
				CURRENT_PROJECT_VERSION = 1;
				DEVELOPMENT_TEAM = QR4UCWKKS3;
				GENERATE_INFOPLIST_FILE = YES;
				INFOPLIST_FILE = RickAndMorty/Info.plist;
				INFOPLIST_KEY_UIApplicationSupportsIndirectInputEvents = YES;
				INFOPLIST_KEY_UILaunchStoryboardName = LaunchScreen;
				INFOPLIST_KEY_UISupportedInterfaceOrientations_iPad = "UIInterfaceOrientationPortrait UIInterfaceOrientationPortraitUpsideDown UIInterfaceOrientationLandscapeLeft UIInterfaceOrientationLandscapeRight";
				INFOPLIST_KEY_UISupportedInterfaceOrientations_iPhone = "UIInterfaceOrientationPortrait UIInterfaceOrientationLandscapeLeft UIInterfaceOrientationLandscapeRight";
				LD_RUNPATH_SEARCH_PATHS = (
					"$(inherited)",
					"@executable_path/Frameworks",
				);
				MARKETING_VERSION = 1.0;
				PRODUCT_BUNDLE_IDENTIFIER = com.bilgehanakyol.RickAndMorty;
				PRODUCT_NAME = "$(TARGET_NAME)";
				SWIFT_EMIT_LOC_STRINGS = YES;
				SWIFT_VERSION = 5.0;
				TARGETED_DEVICE_FAMILY = "1,2";
			};
			name = Release;
		};
/* End XCBuildConfiguration section */

/* Begin XCConfigurationList section */
		9F76DDA62C1251FC00BFDB5F /* Build configuration list for PBXProject "RickAndMorty" */ = {
			isa = XCConfigurationList;
			buildConfigurations = (
				9F76DDBD2C1251FE00BFDB5F /* Debug */,
				9F76DDBE2C1251FE00BFDB5F /* Release */,
			);
			defaultConfigurationIsVisible = 0;
			defaultConfigurationName = Release;
		};
		9F76DDBF2C1251FE00BFDB5F /* Build configuration list for PBXNativeTarget "RickAndMorty" */ = {
			isa = XCConfigurationList;
			buildConfigurations = (
				9F76DDC02C1251FE00BFDB5F /* Debug */,
				9F76DDC12C1251FE00BFDB5F /* Release */,
			);
			defaultConfigurationIsVisible = 0;
			defaultConfigurationName = Release;
		};
/* End XCConfigurationList section */
	};
	rootObject = 9F76DDA32C1251FC00BFDB5F /* Project object */;
}
